
Microsoft Visual Studio Solution File, Format Version 12.00
# Visual Studio Version 16
VisualStudioVersion = 16.0.29613.14
MinimumVisualStudioVersion = 10.0.40219.1
Project("{FAE04EC0-301F-11D3-BF4B-00C04F79EFBC}") = "PrintLabels", "PrintLabels\PrintLabels.csproj", "{D6879DF7-A4DB-405D-9065-8A39BC48A639}"
EndProject
Global
	GlobalSection(SolutionConfigurationPlatforms) = preSolution
		Debug|Any CPU = Debug|Any CPU
		Release|Any CPU = Release|Any CPU
	EndGlobalSection
	GlobalSection(ProjectConfigurationPlatforms) = postSolution
		{D6879DF7-A4DB-405D-9065-8A39BC48A639}.Debug|Any CPU.ActiveCfg = Debug|Any CPU
		{D6879DF7-A4DB-405D-9065-8A39BC48A639}.Debug|Any CPU.Build.0 = Debug|Any CPU
		{D6879DF7-A4DB-405D-9065-8A39BC48A639}.Release|Any CPU.ActiveCfg = Release|Any CPU
		{D6879DF7-A4DB-405D-9065-8A39BC48A639}.Release|Any CPU.Build.0 = Release|Any CPU
	EndGlobalSection
	GlobalSection(SolutionProperties) = preSolution
		HideSolutionNode = FALSE
	EndGlobalSection
	GlobalSection(ExtensibilityGlobals) = postSolution
		SolutionGuid = {4914C97C-B320-439B-A1A8-C927BCEA811E}
	EndGlobalSection
EndGlobal
